// !$*UTF8*$!
{
	archiveVersion = 1;
	classes = {
	};
	objectVersion = 51;
	objects = {

/* Begin PBXBuildFile section */
		4CD3395917C0800985075EA8 /* Pods_moviesTests.framework in Frameworks */ = {isa = PBXBuildFile; fileRef = 44212CD007D0572C67D2D6AA /* Pods_moviesTests.framework */; };
		C459CE6EC53809227EA59851 /* Pods_movies.framework in Frameworks */ = {isa = PBXBuildFile; fileRef = A4E5DE679EECEB3636ECA2DE /* Pods_movies.framework */; };
		ED8F9BEA2365180500A437F4 /* AppDelegate.swift in Sources */ = {isa = PBXBuildFile; fileRef = ED8F9BE92365180500A437F4 /* AppDelegate.swift */; };
		ED8F9BEC2365180500A437F4 /* SceneDelegate.swift in Sources */ = {isa = PBXBuildFile; fileRef = ED8F9BEB2365180500A437F4 /* SceneDelegate.swift */; };
		ED8F9BEE2365180500A437F4 /* ContentView.swift in Sources */ = {isa = PBXBuildFile; fileRef = ED8F9BED2365180500A437F4 /* ContentView.swift */; };
		ED8F9BF02365180700A437F4 /* Assets.xcassets in Resources */ = {isa = PBXBuildFile; fileRef = ED8F9BEF2365180700A437F4 /* Assets.xcassets */; };
		ED8F9BF32365180700A437F4 /* Preview Assets.xcassets in Resources */ = {isa = PBXBuildFile; fileRef = ED8F9BF22365180700A437F4 /* Preview Assets.xcassets */; };
		ED8F9BF62365180700A437F4 /* LaunchScreen.storyboard in Resources */ = {isa = PBXBuildFile; fileRef = ED8F9BF42365180700A437F4 /* LaunchScreen.storyboard */; };
		ED8F9C012365180700A437F4 /* moviesTests.swift in Sources */ = {isa = PBXBuildFile; fileRef = ED8F9C002365180700A437F4 /* moviesTests.swift */; };
		ED8F9C0D2365247800A437F4 /* Movie.swift in Sources */ = {isa = PBXBuildFile; fileRef = ED8F9C0C2365247800A437F4 /* Movie.swift */; };
		ED8F9C112365287B00A437F4 /* MovieViewModel.swift in Sources */ = {isa = PBXBuildFile; fileRef = ED8F9C102365287B00A437F4 /* MovieViewModel.swift */; };
		ED8F9C1423652CAF00A437F4 /* MovieServices.swift in Sources */ = {isa = PBXBuildFile; fileRef = ED8F9C1323652CAF00A437F4 /* MovieServices.swift */; };
		ED8F9C172365504300A437F4 /* MovieItemView.swift in Sources */ = {isa = PBXBuildFile; fileRef = ED8F9C162365504300A437F4 /* MovieItemView.swift */; };
		ED8F9C19236559B000A437F4 /* MovieDBResponse.swift in Sources */ = {isa = PBXBuildFile; fileRef = ED8F9C18236559B000A437F4 /* MovieDBResponse.swift */; };
		ED8F9C1B2366452700A437F4 /* ImageLoaderView.swift in Sources */ = {isa = PBXBuildFile; fileRef = ED8F9C1A2366452700A437F4 /* ImageLoaderView.swift */; };
		ED8F9C1D2366481000A437F4 /* URLImage.swift in Sources */ = {isa = PBXBuildFile; fileRef = ED8F9C1C2366481000A437F4 /* URLImage.swift */; };
		ED8F9C1F2366690200A437F4 /* MoviewDetailView.swift in Sources */ = {isa = PBXBuildFile; fileRef = ED8F9C1E2366690200A437F4 /* MoviewDetailView.swift */; };
		ED8F9C2123666D7600A437F4 /* MainView.swift in Sources */ = {isa = PBXBuildFile; fileRef = ED8F9C2023666D7600A437F4 /* MainView.swift */; };
/* End PBXBuildFile section */

/* Begin PBXContainerItemProxy section */
		ED8F9BFD2365180700A437F4 /* PBXContainerItemProxy */ = {
			isa = PBXContainerItemProxy;
			containerPortal = ED8F9BDE2365180500A437F4 /* Project object */;
			proxyType = 1;
			remoteGlobalIDString = ED8F9BE52365180500A437F4;
			remoteInfo = movies;
		};
/* End PBXContainerItemProxy section */

/* Begin PBXFileReference section */
		44212CD007D0572C67D2D6AA /* Pods_moviesTests.framework */ = {isa = PBXFileReference; explicitFileType = wrapper.framework; includeInIndex = 0; path = Pods_moviesTests.framework; sourceTree = BUILT_PRODUCTS_DIR; };
		81D72DAF21F89E4E0446B135 /* Pods-movies.debug.xcconfig */ = {isa = PBXFileReference; includeInIndex = 1; lastKnownFileType = text.xcconfig; name = "Pods-movies.debug.xcconfig"; path = "Target Support Files/Pods-movies/Pods-movies.debug.xcconfig"; sourceTree = "<group>"; };
		83604A8339DAF6E8418D8A4B /* Pods-moviesTests.debug.xcconfig */ = {isa = PBXFileReference; includeInIndex = 1; lastKnownFileType = text.xcconfig; name = "Pods-moviesTests.debug.xcconfig"; path = "Target Support Files/Pods-moviesTests/Pods-moviesTests.debug.xcconfig"; sourceTree = "<group>"; };
		8F320C8754A3D3BE23868D99 /* Pods-moviesTests.release.xcconfig */ = {isa = PBXFileReference; includeInIndex = 1; lastKnownFileType = text.xcconfig; name = "Pods-moviesTests.release.xcconfig"; path = "Target Support Files/Pods-moviesTests/Pods-moviesTests.release.xcconfig"; sourceTree = "<group>"; };
		A4E5DE679EECEB3636ECA2DE /* Pods_movies.framework */ = {isa = PBXFileReference; explicitFileType = wrapper.framework; includeInIndex = 0; path = Pods_movies.framework; sourceTree = BUILT_PRODUCTS_DIR; };
		E52FD5EF5C56B7760B7EC53F /* Pods-movies.release.xcconfig */ = {isa = PBXFileReference; includeInIndex = 1; lastKnownFileType = text.xcconfig; name = "Pods-movies.release.xcconfig"; path = "Target Support Files/Pods-movies/Pods-movies.release.xcconfig"; sourceTree = "<group>"; };
		ED8F9BE62365180500A437F4 /* movies.app */ = {isa = PBXFileReference; explicitFileType = wrapper.application; includeInIndex = 0; path = movies.app; sourceTree = BUILT_PRODUCTS_DIR; };
		ED8F9BE92365180500A437F4 /* AppDelegate.swift */ = {isa = PBXFileReference; lastKnownFileType = sourcecode.swift; path = AppDelegate.swift; sourceTree = "<group>"; };
		ED8F9BEB2365180500A437F4 /* SceneDelegate.swift */ = {isa = PBXFileReference; lastKnownFileType = sourcecode.swift; path = SceneDelegate.swift; sourceTree = "<group>"; };
		ED8F9BED2365180500A437F4 /* ContentView.swift */ = {isa = PBXFileReference; lastKnownFileType = sourcecode.swift; path = ContentView.swift; sourceTree = "<group>"; };
		ED8F9BEF2365180700A437F4 /* Assets.xcassets */ = {isa = PBXFileReference; lastKnownFileType = folder.assetcatalog; path = Assets.xcassets; sourceTree = "<group>"; };
		ED8F9BF22365180700A437F4 /* Preview Assets.xcassets */ = {isa = PBXFileReference; lastKnownFileType = folder.assetcatalog; path = "Preview Assets.xcassets"; sourceTree = "<group>"; };
		ED8F9BF52365180700A437F4 /* Base */ = {isa = PBXFileReference; lastKnownFileType = file.storyboard; name = Base; path = Base.lproj/LaunchScreen.storyboard; sourceTree = "<group>"; };
		ED8F9BF72365180700A437F4 /* Info.plist */ = {isa = PBXFileReference; lastKnownFileType = text.plist.xml; path = Info.plist; sourceTree = "<group>"; };
		ED8F9BFC2365180700A437F4 /* moviesTests.xctest */ = {isa = PBXFileReference; explicitFileType = wrapper.cfbundle; includeInIndex = 0; path = moviesTests.xctest; sourceTree = BUILT_PRODUCTS_DIR; };
		ED8F9C002365180700A437F4 /* moviesTests.swift */ = {isa = PBXFileReference; lastKnownFileType = sourcecode.swift; path = moviesTests.swift; sourceTree = "<group>"; };
		ED8F9C022365180700A437F4 /* Info.plist */ = {isa = PBXFileReference; lastKnownFileType = text.plist.xml; path = Info.plist; sourceTree = "<group>"; };
		ED8F9C0C2365247800A437F4 /* Movie.swift */ = {isa = PBXFileReference; lastKnownFileType = sourcecode.swift; path = Movie.swift; sourceTree = "<group>"; };
		ED8F9C102365287B00A437F4 /* MovieViewModel.swift */ = {isa = PBXFileReference; lastKnownFileType = sourcecode.swift; path = MovieViewModel.swift; sourceTree = "<group>"; };
		ED8F9C1323652CAF00A437F4 /* MovieServices.swift */ = {isa = PBXFileReference; lastKnownFileType = sourcecode.swift; path = MovieServices.swift; sourceTree = "<group>"; };
		ED8F9C162365504300A437F4 /* MovieItemView.swift */ = {isa = PBXFileReference; lastKnownFileType = sourcecode.swift; path = MovieItemView.swift; sourceTree = "<group>"; };
		ED8F9C18236559B000A437F4 /* MovieDBResponse.swift */ = {isa = PBXFileReference; lastKnownFileType = sourcecode.swift; path = MovieDBResponse.swift; sourceTree = "<group>"; };
		ED8F9C1A2366452700A437F4 /* ImageLoaderView.swift */ = {isa = PBXFileReference; lastKnownFileType = sourcecode.swift; path = ImageLoaderView.swift; sourceTree = "<group>"; };
		ED8F9C1C2366481000A437F4 /* URLImage.swift */ = {isa = PBXFileReference; lastKnownFileType = sourcecode.swift; path = URLImage.swift; sourceTree = "<group>"; };
		ED8F9C1E2366690200A437F4 /* MoviewDetailView.swift */ = {isa = PBXFileReference; lastKnownFileType = sourcecode.swift; path = MoviewDetailView.swift; sourceTree = "<group>"; };
		ED8F9C2023666D7600A437F4 /* MainView.swift */ = {isa = PBXFileReference; lastKnownFileType = sourcecode.swift; path = MainView.swift; sourceTree = "<group>"; };
/* End PBXFileReference section */

/* Begin PBXFrameworksBuildPhase section */
		ED8F9BE32365180500A437F4 /* Frameworks */ = {
			isa = PBXFrameworksBuildPhase;
			buildActionMask = 2147483647;
			files = (
				C459CE6EC53809227EA59851 /* Pods_movies.framework in Frameworks */,
			);
			runOnlyForDeploymentPostprocessing = 0;
		};
		ED8F9BF92365180700A437F4 /* Frameworks */ = {
			isa = PBXFrameworksBuildPhase;
			buildActionMask = 2147483647;
			files = (
				4CD3395917C0800985075EA8 /* Pods_moviesTests.framework in Frameworks */,
			);
			runOnlyForDeploymentPostprocessing = 0;
		};
/* End PBXFrameworksBuildPhase section */

/* Begin PBXGroup section */
		10FD743D5E82AC33A4086AE9 /* Frameworks */ = {
			isa = PBXGroup;
			children = (
				A4E5DE679EECEB3636ECA2DE /* Pods_movies.framework */,
				44212CD007D0572C67D2D6AA /* Pods_moviesTests.framework */,
			);
			name = Frameworks;
			sourceTree = "<group>";
		};
		6F656ED3FD32EE67A292D1CC /* Pods */ = {
			isa = PBXGroup;
			children = (
				81D72DAF21F89E4E0446B135 /* Pods-movies.debug.xcconfig */,
				E52FD5EF5C56B7760B7EC53F /* Pods-movies.release.xcconfig */,
				83604A8339DAF6E8418D8A4B /* Pods-moviesTests.debug.xcconfig */,
				8F320C8754A3D3BE23868D99 /* Pods-moviesTests.release.xcconfig */,
			);
			path = Pods;
			sourceTree = "<group>";
		};
		ED8F9BDD2365180500A437F4 = {
			isa = PBXGroup;
			children = (
				ED8F9BE82365180500A437F4 /* movies */,
				ED8F9BFF2365180700A437F4 /* moviesTests */,
				ED8F9BE72365180500A437F4 /* Products */,
				6F656ED3FD32EE67A292D1CC /* Pods */,
				10FD743D5E82AC33A4086AE9 /* Frameworks */,
			);
			sourceTree = "<group>";
		};
		ED8F9BE72365180500A437F4 /* Products */ = {
			isa = PBXGroup;
			children = (
				ED8F9BE62365180500A437F4 /* movies.app */,
				ED8F9BFC2365180700A437F4 /* moviesTests.xctest */,
			);
			name = Products;
			sourceTree = "<group>";
		};
		ED8F9BE82365180500A437F4 /* movies */ = {
			isa = PBXGroup;
			children = (
				ED8F9C152365401800A437F4 /* Views */,
				ED8F9C1223652C0B00A437F4 /* Services */,
				ED8F9C0F2365285B00A437F4 /* ViewModels */,
				ED8F9C0B2365244C00A437F4 /* Models */,
				ED8F9BE92365180500A437F4 /* AppDelegate.swift */,
				ED8F9BEB2365180500A437F4 /* SceneDelegate.swift */,
				ED8F9BEF2365180700A437F4 /* Assets.xcassets */,
				ED8F9BF42365180700A437F4 /* LaunchScreen.storyboard */,
				ED8F9BF72365180700A437F4 /* Info.plist */,
				ED8F9BF12365180700A437F4 /* Preview Content */,
			);
			path = movies;
			sourceTree = "<group>";
		};
		ED8F9BF12365180700A437F4 /* Preview Content */ = {
			isa = PBXGroup;
			children = (
				ED8F9BF22365180700A437F4 /* Preview Assets.xcassets */,
			);
			path = "Preview Content";
			sourceTree = "<group>";
		};
		ED8F9BFF2365180700A437F4 /* moviesTests */ = {
			isa = PBXGroup;
			children = (
				ED8F9C002365180700A437F4 /* moviesTests.swift */,
				ED8F9C022365180700A437F4 /* Info.plist */,
			);
			path = moviesTests;
			sourceTree = "<group>";
		};
		ED8F9C0B2365244C00A437F4 /* Models */ = {
			isa = PBXGroup;
			children = (
				ED8F9C0C2365247800A437F4 /* Movie.swift */,
				ED8F9C18236559B000A437F4 /* MovieDBResponse.swift */,
			);
			path = Models;
			sourceTree = "<group>";
		};
		ED8F9C0F2365285B00A437F4 /* ViewModels */ = {
			isa = PBXGroup;
			children = (
				ED8F9C102365287B00A437F4 /* MovieViewModel.swift */,
			);
			path = ViewModels;
			sourceTree = "<group>";
		};
		ED8F9C1223652C0B00A437F4 /* Services */ = {
			isa = PBXGroup;
			children = (
				ED8F9C1323652CAF00A437F4 /* MovieServices.swift */,
			);
			path = Services;
			sourceTree = "<group>";
		};
		ED8F9C152365401800A437F4 /* Views */ = {
			isa = PBXGroup;
			children = (
				ED8F9BED2365180500A437F4 /* ContentView.swift */,
				ED8F9C162365504300A437F4 /* MovieItemView.swift */,
				ED8F9C1A2366452700A437F4 /* ImageLoaderView.swift */,
				ED8F9C1C2366481000A437F4 /* URLImage.swift */,
				ED8F9C1E2366690200A437F4 /* MoviewDetailView.swift */,
				ED8F9C2023666D7600A437F4 /* MainView.swift */,
			);
			path = Views;
			sourceTree = "<group>";
		};
/* End PBXGroup section */

/* Begin PBXNativeTarget section */
		ED8F9BE52365180500A437F4 /* movies */ = {
			isa = PBXNativeTarget;
			buildConfigurationList = ED8F9C052365180700A437F4 /* Build configuration list for PBXNativeTarget "movies" */;
			buildPhases = (
				9CC639D477669EAA796DA734 /* [CP] Check Pods Manifest.lock */,
				ED8F9BE22365180500A437F4 /* Sources */,
				ED8F9BE32365180500A437F4 /* Frameworks */,
				ED8F9BE42365180500A437F4 /* Resources */,
				A926D158B2D579958AAAAA1D /* [CP] Embed Pods Frameworks */,
			);
			buildRules = (
			);
			dependencies = (
			);
			name = movies;
			productName = movies;
			productReference = ED8F9BE62365180500A437F4 /* movies.app */;
			productType = "com.apple.product-type.application";
		};
		ED8F9BFB2365180700A437F4 /* moviesTests */ = {
			isa = PBXNativeTarget;
			buildConfigurationList = ED8F9C082365180700A437F4 /* Build configuration list for PBXNativeTarget "moviesTests" */;
			buildPhases = (
				03FD699FF90690A260E7EB47 /* [CP] Check Pods Manifest.lock */,
				ED8F9BF82365180700A437F4 /* Sources */,
				ED8F9BF92365180700A437F4 /* Frameworks */,
				ED8F9BFA2365180700A437F4 /* Resources */,
			);
			buildRules = (
			);
			dependencies = (
				ED8F9BFE2365180700A437F4 /* PBXTargetDependency */,
			);
			name = moviesTests;
			productName = moviesTests;
			productReference = ED8F9BFC2365180700A437F4 /* moviesTests.xctest */;
			productType = "com.apple.product-type.bundle.unit-test";
		};
/* End PBXNativeTarget section */

/* Begin PBXProject section */
		ED8F9BDE2365180500A437F4 /* Project object */ = {
			isa = PBXProject;
			attributes = {
				LastSwiftUpdateCheck = 1110;
				LastUpgradeCheck = 1110;
				ORGANIZATIONNAME = leinaro;
				TargetAttributes = {
					ED8F9BE52365180500A437F4 = {
						CreatedOnToolsVersion = 11.1;
					};
					ED8F9BFB2365180700A437F4 = {
						CreatedOnToolsVersion = 11.1;
						TestTargetID = ED8F9BE52365180500A437F4;
					};
				};
			};
			buildConfigurationList = ED8F9BE12365180500A437F4 /* Build configuration list for PBXProject "movies" */;
			compatibilityVersion = "Xcode 9.3";
			developmentRegion = en;
			hasScannedForEncodings = 0;
			knownRegions = (
				en,
				Base,
			);
			mainGroup = ED8F9BDD2365180500A437F4;
			productRefGroup = ED8F9BE72365180500A437F4 /* Products */;
			projectDirPath = "";
			projectRoot = "";
			targets = (
				ED8F9BE52365180500A437F4 /* movies */,
				ED8F9BFB2365180700A437F4 /* moviesTests */,
			);
		};
/* End PBXProject section */

/* Begin PBXResourcesBuildPhase section */
		ED8F9BE42365180500A437F4 /* Resources */ = {
			isa = PBXResourcesBuildPhase;
			buildActionMask = 2147483647;
			files = (
				ED8F9BF62365180700A437F4 /* LaunchScreen.storyboard in Resources */,
				ED8F9BF32365180700A437F4 /* Preview Assets.xcassets in Resources */,
				ED8F9BF02365180700A437F4 /* Assets.xcassets in Resources */,
			);
			runOnlyForDeploymentPostprocessing = 0;
		};
		ED8F9BFA2365180700A437F4 /* Resources */ = {
			isa = PBXResourcesBuildPhase;
			buildActionMask = 2147483647;
			files = (
			);
			runOnlyForDeploymentPostprocessing = 0;
		};
/* End PBXResourcesBuildPhase section */

/* Begin PBXShellScriptBuildPhase section */
		03FD699FF90690A260E7EB47 /* [CP] Check Pods Manifest.lock */ = {
			isa = PBXShellScriptBuildPhase;
			buildActionMask = 2147483647;
			files = (
			);
			inputFileListPaths = (
			);
			inputPaths = (
				"${PODS_PODFILE_DIR_PATH}/Podfile.lock",
				"${PODS_ROOT}/Manifest.lock",
			);
			name = "[CP] Check Pods Manifest.lock";
			outputFileListPaths = (
			);
			outputPaths = (
				"$(DERIVED_FILE_DIR)/Pods-moviesTests-checkManifestLockResult.txt",
			);
			runOnlyForDeploymentPostprocessing = 0;
			shellPath = /bin/sh;
			shellScript = "diff \"${PODS_PODFILE_DIR_PATH}/Podfile.lock\" \"${PODS_ROOT}/Manifest.lock\" > /dev/null\nif [ $? != 0 ] ; then\n    # print error to STDERR\n    echo \"error: The sandbox is not in sync with the Podfile.lock. Run 'pod install' or update your CocoaPods installation.\" >&2\n    exit 1\nfi\n# This output is used by Xcode 'outputs' to avoid re-running this script phase.\necho \"SUCCESS\" > \"${SCRIPT_OUTPUT_FILE_0}\"\n";
			showEnvVarsInLog = 0;
		};
		9CC639D477669EAA796DA734 /* [CP] Check Pods Manifest.lock */ = {
			isa = PBXShellScriptBuildPhase;
			buildActionMask = 2147483647;
			files = (
			);
			inputFileListPaths = (
			);
			inputPaths = (
				"${PODS_PODFILE_DIR_PATH}/Podfile.lock",
				"${PODS_ROOT}/Manifest.lock",
			);
			name = "[CP] Check Pods Manifest.lock";
			outputFileListPaths = (
			);
			outputPaths = (
				"$(DERIVED_FILE_DIR)/Pods-movies-checkManifestLockResult.txt",
			);
			runOnlyForDeploymentPostprocessing = 0;
			shellPath = /bin/sh;
			shellScript = "diff \"${PODS_PODFILE_DIR_PATH}/Podfile.lock\" \"${PODS_ROOT}/Manifest.lock\" > /dev/null\nif [ $? != 0 ] ; then\n    # print error to STDERR\n    echo \"error: The sandbox is not in sync with the Podfile.lock. Run 'pod install' or update your CocoaPods installation.\" >&2\n    exit 1\nfi\n# This output is used by Xcode 'outputs' to avoid re-running this script phase.\necho \"SUCCESS\" > \"${SCRIPT_OUTPUT_FILE_0}\"\n";
			showEnvVarsInLog = 0;
		};
		A926D158B2D579958AAAAA1D /* [CP] Embed Pods Frameworks */ = {
			isa = PBXShellScriptBuildPhase;
			buildActionMask = 2147483647;
			files = (
			);
			inputFileListPaths = (
				"${PODS_ROOT}/Target Support Files/Pods-movies/Pods-movies-frameworks-${CONFIGURATION}-input-files.xcfilelist",
			);
			name = "[CP] Embed Pods Frameworks";
			outputFileListPaths = (
				"${PODS_ROOT}/Target Support Files/Pods-movies/Pods-movies-frameworks-${CONFIGURATION}-output-files.xcfilelist",
			);
			runOnlyForDeploymentPostprocessing = 0;
			shellPath = /bin/sh;
			shellScript = "\"${PODS_ROOT}/Target Support Files/Pods-movies/Pods-movies-frameworks.sh\"\n";
			showEnvVarsInLog = 0;
		};
/* End PBXShellScriptBuildPhase section */

/* Begin PBXSourcesBuildPhase section */
		ED8F9BE22365180500A437F4 /* Sources */ = {
			isa = PBXSourcesBuildPhase;
			buildActionMask = 2147483647;
			files = (
				ED8F9C1B2366452700A437F4 /* ImageLoaderView.swift in Sources */,
				ED8F9C2123666D7600A437F4 /* MainView.swift in Sources */,
				ED8F9C1F2366690200A437F4 /* MoviewDetailView.swift in Sources */,
				ED8F9BEA2365180500A437F4 /* AppDelegate.swift in Sources */,
				ED8F9C172365504300A437F4 /* MovieItemView.swift in Sources */,
				ED8F9C1D2366481000A437F4 /* URLImage.swift in Sources */,
				ED8F9C112365287B00A437F4 /* MovieViewModel.swift in Sources */,
				ED8F9BEC2365180500A437F4 /* SceneDelegate.swift in Sources */,
				ED8F9C0D2365247800A437F4 /* Movie.swift in Sources */,
				ED8F9C19236559B000A437F4 /* MovieDBResponse.swift in Sources */,
				ED8F9C1423652CAF00A437F4 /* MovieServices.swift in Sources */,
				ED8F9BEE2365180500A437F4 /* ContentView.swift in Sources */,
			);
			runOnlyForDeploymentPostprocessing = 0;
		};
		ED8F9BF82365180700A437F4 /* Sources */ = {
			isa = PBXSourcesBuildPhase;
			buildActionMask = 2147483647;
			files = (
				ED8F9C012365180700A437F4 /* moviesTests.swift in Sources */,
			);
			runOnlyForDeploymentPostprocessing = 0;
		};
/* End PBXSourcesBuildPhase section */

/* Begin PBXTargetDependency section */
		ED8F9BFE2365180700A437F4 /* PBXTargetDependency */ = {
			isa = PBXTargetDependency;
			target = ED8F9BE52365180500A437F4 /* movies */;
			targetProxy = ED8F9BFD2365180700A437F4 /* PBXContainerItemProxy */;
		};
/* End PBXTargetDependency section */

/* Begin PBXVariantGroup section */
		ED8F9BF42365180700A437F4 /* LaunchScreen.storyboard */ = {
			isa = PBXVariantGroup;
			children = (
				ED8F9BF52365180700A437F4 /* Base */,
			);
			name = LaunchScreen.storyboard;
			sourceTree = "<group>";
		};
/* End PBXVariantGroup section */

/* Begin XCBuildConfiguration section */
		ED8F9C032365180700A437F4 /* Debug */ = {
			isa = XCBuildConfiguration;
			buildSettings = {
				ALWAYS_SEARCH_USER_PATHS = NO;
				CLANG_ANALYZER_NONNULL = YES;
				CLANG_ANALYZER_NUMBER_OBJECT_CONVERSION = YES_AGGRESSIVE;
				CLANG_CXX_LANGUAGE_STANDARD = "gnu++14";
				CLANG_CXX_LIBRARY = "libc++";
				CLANG_ENABLE_MODULES = YES;
				CLANG_ENABLE_OBJC_ARC = YES;
				CLANG_ENABLE_OBJC_WEAK = YES;
				CLANG_WARN_BLOCK_CAPTURE_AUTORELEASING = YES;
				CLANG_WARN_BOOL_CONVERSION = YES;
				CLANG_WARN_COMMA = YES;
				CLANG_WARN_CONSTANT_CONVERSION = YES;
				CLANG_WARN_DEPRECATED_OBJC_IMPLEMENTATIONS = YES;
				CLANG_WARN_DIRECT_OBJC_ISA_USAGE = YES_ERROR;
				CLANG_WARN_DOCUMENTATION_COMMENTS = YES;
				CLANG_WARN_EMPTY_BODY = YES;
				CLANG_WARN_ENUM_CONVERSION = YES;
				CLANG_WARN_INFINITE_RECURSION = YES;
				CLANG_WARN_INT_CONVERSION = YES;
				CLANG_WARN_NON_LITERAL_NULL_CONVERSION = YES;
				CLANG_WARN_OBJC_IMPLICIT_RETAIN_SELF = YES;
				CLANG_WARN_OBJC_LITERAL_CONVERSION = YES;
				CLANG_WARN_OBJC_ROOT_CLASS = YES_ERROR;
				CLANG_WARN_RANGE_LOOP_ANALYSIS = YES;
				CLANG_WARN_STRICT_PROTOTYPES = YES;
				CLANG_WARN_SUSPICIOUS_MOVE = YES;
				CLANG_WARN_UNGUARDED_AVAILABILITY = YES_AGGRESSIVE;
				CLANG_WARN_UNREACHABLE_CODE = YES;
				CLANG_WARN__DUPLICATE_METHOD_MATCH = YES;
				COPY_PHASE_STRIP = NO;
				DEBUG_INFORMATION_FORMAT = dwarf;
				ENABLE_STRICT_OBJC_MSGSEND = YES;
				ENABLE_TESTABILITY = YES;
				GCC_C_LANGUAGE_STANDARD = gnu11;
				GCC_DYNAMIC_NO_PIC = NO;
				GCC_NO_COMMON_BLOCKS = YES;
				GCC_OPTIMIZATION_LEVEL = 0;
				GCC_PREPROCESSOR_DEFINITIONS = (
					"DEBUG=1",
					"$(inherited)",
				);
				GCC_WARN_64_TO_32_BIT_CONVERSION = YES;
				GCC_WARN_ABOUT_RETURN_TYPE = YES_ERROR;
				GCC_WARN_UNDECLARED_SELECTOR = YES;
				GCC_WARN_UNINITIALIZED_AUTOS = YES_AGGRESSIVE;
				GCC_WARN_UNUSED_FUNCTION = YES;
				GCC_WARN_UNUSED_VARIABLE = YES;
				IPHONEOS_DEPLOYMENT_TARGET = 13.1;
				MTL_ENABLE_DEBUG_INFO = INCLUDE_SOURCE;
				MTL_FAST_MATH = YES;
				ONLY_ACTIVE_ARCH = YES;
				SDKROOT = iphoneos;
				SWIFT_ACTIVE_COMPILATION_CONDITIONS = DEBUG;
				SWIFT_OPTIMIZATION_LEVEL = "-Onone";
			};
			name = Debug;
		};
		ED8F9C042365180700A437F4 /* Release */ = {
			isa = XCBuildConfiguration;
			buildSettings = {
				ALWAYS_SEARCH_USER_PATHS = NO;
				CLANG_ANALYZER_NONNULL = YES;
				CLANG_ANALYZER_NUMBER_OBJECT_CONVERSION = YES_AGGRESSIVE;
				CLANG_CXX_LANGUAGE_STANDARD = "gnu++14";
				CLANG_CXX_LIBRARY = "libc++";
				CLANG_ENABLE_MODULES = YES;
				CLANG_ENABLE_OBJC_ARC = YES;
				CLANG_ENABLE_OBJC_WEAK = YES;
				CLANG_WARN_BLOCK_CAPTURE_AUTORELEASING = YES;
				CLANG_WARN_BOOL_CONVERSION = YES;
				CLANG_WARN_COMMA = YES;
				CLANG_WARN_CONSTANT_CONVERSION = YES;
				CLANG_WARN_DEPRECATED_OBJC_IMPLEMENTATIONS = YES;
				CLANG_WARN_DIRECT_OBJC_ISA_USAGE = YES_ERROR;
				CLANG_WARN_DOCUMENTATION_COMMENTS = YES;
				CLANG_WARN_EMPTY_BODY = YES;
				CLANG_WARN_ENUM_CONVERSION = YES;
				CLANG_WARN_INFINITE_RECURSION = YES;
				CLANG_WARN_INT_CONVERSION = YES;
				CLANG_WARN_NON_LITERAL_NULL_CONVERSION = YES;
				CLANG_WARN_OBJC_IMPLICIT_RETAIN_SELF = YES;
				CLANG_WARN_OBJC_LITERAL_CONVERSION = YES;
				CLANG_WARN_OBJC_ROOT_CLASS = YES_ERROR;
				CLANG_WARN_RANGE_LOOP_ANALYSIS = YES;
				CLANG_WARN_STRICT_PROTOTYPES = YES;
				CLANG_WARN_SUSPICIOUS_MOVE = YES;
				CLANG_WARN_UNGUARDED_AVAILABILITY = YES_AGGRESSIVE;
				CLANG_WARN_UNREACHABLE_CODE = YES;
				CLANG_WARN__DUPLICATE_METHOD_MATCH = YES;
				COPY_PHASE_STRIP = NO;
				DEBUG_INFORMATION_FORMAT = "dwarf-with-dsym";
				ENABLE_NS_ASSERTIONS = NO;
				ENABLE_STRICT_OBJC_MSGSEND = YES;
				GCC_C_LANGUAGE_STANDARD = gnu11;
				GCC_NO_COMMON_BLOCKS = YES;
				GCC_WARN_64_TO_32_BIT_CONVERSION = YES;
				GCC_WARN_ABOUT_RETURN_TYPE = YES_ERROR;
				GCC_WARN_UNDECLARED_SELECTOR = YES;
				GCC_WARN_UNINITIALIZED_AUTOS = YES_AGGRESSIVE;
				GCC_WARN_UNUSED_FUNCTION = YES;
				GCC_WARN_UNUSED_VARIABLE = YES;
				IPHONEOS_DEPLOYMENT_TARGET = 13.1;
				MTL_ENABLE_DEBUG_INFO = NO;
				MTL_FAST_MATH = YES;
				SDKROOT = iphoneos;
				SWIFT_COMPILATION_MODE = wholemodule;
				SWIFT_OPTIMIZATION_LEVEL = "-O";
				VALIDATE_PRODUCT = YES;
			};
			name = Release;
		};
		ED8F9C062365180700A437F4 /* Debug */ = {
			isa = XCBuildConfiguration;
			baseConfigurationReference = 81D72DAF21F89E4E0446B135 /* Pods-movies.debug.xcconfig */;
			buildSettings = {
				ASSETCATALOG_COMPILER_APPICON_NAME = AppIcon;
				CODE_SIGN_STYLE = Automatic;
				DEVELOPMENT_ASSET_PATHS = "\"movies/Preview Content\"";
				ENABLE_PREVIEWS = YES;
				INFOPLIST_FILE = movies/Info.plist;
				LD_RUNPATH_SEARCH_PATHS = (
					"$(inherited)",
					"@executable_path/Frameworks",
				);
				PRODUCT_BUNDLE_IDENTIFIER = com.leinaro.peiky.movies;
				PRODUCT_NAME = "$(TARGET_NAME)";
				SWIFT_VERSION = 5.0;
				TARGETED_DEVICE_FAMILY = "1,2";
			};
			name = Debug;
		};
		ED8F9C072365180700A437F4 /* Release */ = {
			isa = XCBuildConfiguration;
			baseConfigurationReference = E52FD5EF5C56B7760B7EC53F /* Pods-movies.release.xcconfig */;
			buildSettings = {
				ASSETCATALOG_COMPILER_APPICON_NAME = AppIcon;
				CODE_SIGN_STYLE = Automatic;
				DEVELOPMENT_ASSET_PATHS = "\"movies/Preview Content\"";
				ENABLE_PREVIEWS = YES;
				INFOPLIST_FILE = movies/Info.plist;
				LD_RUNPATH_SEARCH_PATHS = (
					"$(inherited)",
					"@executable_path/Frameworks",
				);
				PRODUCT_BUNDLE_IDENTIFIER = com.leinaro.peiky.movies;
				PRODUCT_NAME = "$(TARGET_NAME)";
				SWIFT_VERSION = 5.0;
				TARGETED_DEVICE_FAMILY = "1,2";
			};
			name = Release;
		};
		ED8F9C092365180700A437F4 /* Debug */ = {
			isa = XCBuildConfiguration;
			baseConfigurationReference = 83604A8339DAF6E8418D8A4B /* Pods-moviesTests.debug.xcconfig */;
			buildSettings = {
				ALWAYS_EMBED_SWIFT_STANDARD_LIBRARIES = YES;
				BUNDLE_LOADER = "$(TEST_HOST)";
				CODE_SIGN_STYLE = Automatic;
				INFOPLIST_FILE = moviesTests/Info.plist;
				IPHONEOS_DEPLOYMENT_TARGET = 13.1;
				LD_RUNPATH_SEARCH_PATHS = (
					"$(inherited)",
					"@executable_path/Frameworks",
					"@loader_path/Frameworks",
				);
				PRODUCT_BUNDLE_IDENTIFIER = com.leinaro.peiky.moviesTests;
				PRODUCT_NAME = "$(TARGET_NAME)";
				SWIFT_VERSION = 5.0;
				TARGETED_DEVICE_FAMILY = "1,2";
				TEST_HOST = "$(BUILT_PRODUCTS_DIR)/movies.app/movies";
			};
			name = Debug;
		};
		ED8F9C0A2365180700A437F4 /* Release */ = {
			isa = XCBuildConfiguration;
			baseConfigurationReference = 8F320C8754A3D3BE23868D99 /* Pods-moviesTests.release.xcconfig */;
			buildSettings = {
				ALWAYS_EMBED_SWIFT_STANDARD_LIBRARIES = YES;
				BUNDLE_LOADER = "$(TEST_HOST)";
				CODE_SIGN_STYLE = Automatic;
				INFOPLIST_FILE = moviesTests/Info.plist;
				IPHONEOS_DEPLOYMENT_TARGET = 13.1;
				LD_RUNPATH_SEARCH_PATHS = (
					"$(inherited)",
					"@executable_path/Frameworks",
					"@loader_path/Frameworks",
				);
				PRODUCT_BUNDLE_IDENTIFIER = com.leinaro.peiky.moviesTests;
				PRODUCT_NAME = "$(TARGET_NAME)";
				SWIFT_VERSION = 5.0;
				TARGETED_DEVICE_FAMILY = "1,2";
				TEST_HOST = "$(BUILT_PRODUCTS_DIR)/movies.app/movies";
			};
			name = Release;
		};
/* End XCBuildConfiguration section */

/* Begin XCConfigurationList section */
		ED8F9BE12365180500A437F4 /* Build configuration list for PBXProject "movies" */ = {
			isa = XCConfigurationList;
			buildConfigurations = (
				ED8F9C032365180700A437F4 /* Debug */,
				ED8F9C042365180700A437F4 /* Release */,
			);
			defaultConfigurationIsVisible = 0;
			defaultConfigurationName = Release;
		};
		ED8F9C052365180700A437F4 /* Build configuration list for PBXNativeTarget "movies" */ = {
			isa = XCConfigurationList;
			buildConfigurations = (
				ED8F9C062365180700A437F4 /* Debug */,
				ED8F9C072365180700A437F4 /* Release */,
			);
			defaultConfigurationIsVisible = 0;
			defaultConfigurationName = Release;
		};
		ED8F9C082365180700A437F4 /* Build configuration list for PBXNativeTarget "moviesTests" */ = {
			isa = XCConfigurationList;
			buildConfigurations = (
				ED8F9C092365180700A437F4 /* Debug */,
				ED8F9C0A2365180700A437F4 /* Release */,
			);
			defaultConfigurationIsVisible = 0;
			defaultConfigurationName = Release;
		};
/* End XCConfigurationList section */
	};
	rootObject = ED8F9BDE2365180500A437F4 /* Project object */;
}
